
Microsoft Visual Studio Solution File, Format Version 12.00
# Visual Studio Version 16
VisualStudioVersion = 16.0.31205.134
MinimumVisualStudioVersion = 10.0.40219.1
Project("{FAE04EC0-301F-11D3-BF4B-00C04F79EFBC}") = "Miller_Inventory", "Miller_Inventory\Miller_Inventory.csproj", "{93FFCE39-5FDB-4A7E-8852-C44836847768}"
EndProject
Global
	GlobalSection(SolutionConfigurationPlatforms) = preSolution
		Debug|Any CPU = Debug|Any CPU
		Release|Any CPU = Release|Any CPU
	EndGlobalSection
	GlobalSection(ProjectConfigurationPlatforms) = postSolution
		{93FFCE39-5FDB-4A7E-8852-C44836847768}.Debug|Any CPU.ActiveCfg = Debug|Any CPU
		{93FFCE39-5FDB-4A7E-8852-C44836847768}.Debug|Any CPU.Build.0 = Debug|Any CPU
		{93FFCE39-5FDB-4A7E-8852-C44836847768}.Release|Any CPU.ActiveCfg = Release|Any CPU
		{93FFCE39-5FDB-4A7E-8852-C44836847768}.Release|Any CPU.Build.0 = Release|Any CPU
	EndGlobalSection
	GlobalSection(SolutionProperties) = preSolution
		HideSolutionNode = FALSE
	EndGlobalSection
	GlobalSection(ExtensibilityGlobals) = postSolution
		SolutionGuid = {24AAF574-F8D2-452E-AAD4-7913AB0B749D}
	EndGlobalSection
EndGlobal
